
Microsoft Visual Studio Solution File, Format Version 12.00
# Visual Studio 15
VisualStudioVersion = 15.0.28307.757
MinimumVisualStudioVersion = 10.0.40219.1
Project("{FAE04EC0-301F-11D3-BF4B-00C04F79EFBC}") = "AddToCart", "AddToCart\AddToCart.csproj", "{6F08400E-C6F3-4F4F-823D-B6E6735062D5}"
EndProject
Project("{FAE04EC0-301F-11D3-BF4B-00C04F79EFBC}") = "CartTests", "CartTests\CartTests.csproj", "{0EB9DD62-A5A7-4B25-B5F5-9CCABBA00185}"
EndProject
Global
	GlobalSection(SolutionConfigurationPlatforms) = preSolution
		Debug|Any CPU = Debug|Any CPU
		Release|Any CPU = Release|Any CPU
	EndGlobalSection
	GlobalSection(ProjectConfigurationPlatforms) = postSolution
		{6F08400E-C6F3-4F4F-823D-B6E6735062D5}.Debug|Any CPU.ActiveCfg = Debug|Any CPU
		{6F08400E-C6F3-4F4F-823D-B6E6735062D5}.Debug|Any CPU.Build.0 = Debug|Any CPU
		{6F08400E-C6F3-4F4F-823D-B6E6735062D5}.Release|Any CPU.ActiveCfg = Release|Any CPU
		{6F08400E-C6F3-4F4F-823D-B6E6735062D5}.Release|Any CPU.Build.0 = Release|Any CPU
		{0EB9DD62-A5A7-4B25-B5F5-9CCABBA00185}.Debug|Any CPU.ActiveCfg = Debug|Any CPU
		{0EB9DD62-A5A7-4B25-B5F5-9CCABBA00185}.Debug|Any CPU.Build.0 = Debug|Any CPU
		{0EB9DD62-A5A7-4B25-B5F5-9CCABBA00185}.Release|Any CPU.ActiveCfg = Release|Any CPU
		{0EB9DD62-A5A7-4B25-B5F5-9CCABBA00185}.Release|Any CPU.Build.0 = Release|Any CPU
	EndGlobalSection
	GlobalSection(SolutionProperties) = preSolution
		HideSolutionNode = FALSE
	EndGlobalSection
	GlobalSection(ExtensibilityGlobals) = postSolution
		SolutionGuid = {54F39BF2-DA69-4CEA-BB93-E0C61C06C3B4}
	EndGlobalSection
EndGlobal
